
Microsoft Visual Studio Solution File, Format Version 12.00
# Visual Studio Version 17
VisualStudioVersion = 17.4.33122.133
MinimumVisualStudioVersion = 10.0.40219.1
Project("{FAE04EC0-301F-11D3-BF4B-00C04F79EFBC}") = "Strapi_Frontend", "Strapi_Frontend\Strapi_Frontend.csproj", "{5FAA44F4-5F84-4850-B6A7-98669C98043C}"
EndProject
Global
	GlobalSection(SolutionConfigurationPlatforms) = preSolution
		Debug|Any CPU = Debug|Any CPU
		Release|Any CPU = Release|Any CPU
	EndGlobalSection
	GlobalSection(ProjectConfigurationPlatforms) = postSolution
		{5FAA44F4-5F84-4850-B6A7-98669C98043C}.Debug|Any CPU.ActiveCfg = Debug|Any CPU
		{5FAA44F4-5F84-4850-B6A7-98669C98043C}.Debug|Any CPU.Build.0 = Debug|Any CPU
		{5FAA44F4-5F84-4850-B6A7-98669C98043C}.Release|Any CPU.ActiveCfg = Release|Any CPU
		{5FAA44F4-5F84-4850-B6A7-98669C98043C}.Release|Any CPU.Build.0 = Release|Any CPU
	EndGlobalSection
	GlobalSection(SolutionProperties) = preSolution
		HideSolutionNode = FALSE
	EndGlobalSection
	GlobalSection(ExtensibilityGlobals) = postSolution
		SolutionGuid = {8531AA24-28F3-4A39-8460-D485B5BCC9FB}
	EndGlobalSection
EndGlobal
